{
  "name": "@savml/core",
  "version": "0.0.1",
  "lockfileVersion": 1,
  "requires": true,
  "dependencies": {
    "@babel/runtime": {
      "version": "7.4.4",
      "resolved": "https://registry.npm.taobao.org/@babel/runtime/download/@babel/runtime-7.4.4.tgz",
      "integrity": "sha1-3C40mC6yNoA6onoH/qaFevG5Fx0=",
      "dev": true,
      "requires": {
        "regenerator-runtime": "^0.13.2"
      }
    },
    "@savml/contract": {
      "version": "0.0.1",
      "dev": true
    },
    "@types/node": {
      "version": "12.0.0",
      "resolved": "https://registry.npm.taobao.org/@types/node/download/@types/node-12.0.0.tgz",
      "integrity": "sha1-0RgTucD/iqyinwTLwSgX9MfWVuU=",
      "dev": true
    },
    "@types/node-fetch": {
      "version": "2.3.3",
      "resolved": "https://registry.npm.taobao.org/@types/node-fetch/download/@types/node-fetch-2.3.3.tgz",
      "integrity": "sha1-65wqDOjpQk6+DAy+bx6Op1dsExA=",
      "dev": true,
      "requires": {
        "@types/node": "*"
      }
    },
    "@types/yaml": {
      "version": "1.0.2",
      "resolved": "https://registry.npm.taobao.org/@types/yaml/download/@types/yaml-1.0.2.tgz",
      "integrity": "sha1-u6CA1kcUxu8+qgI+I12s0s+jyTg=",
      "dev": true
    },
    "node-fetch": {
      "version": "2.5.0",
      "resolved": "https://registry.npm.taobao.org/node-fetch/download/node-fetch-2.5.0.tgz",
      "integrity": "sha1-gCjEn8EZG7pWoHrcbiqVRkSkhQE=",
      "dev": true
    },
    "regenerator-runtime": {
      "version": "0.13.2",
      "resolved": "https://registry.npm.taobao.org/regenerator-runtime/download/regenerator-runtime-0.13.2.tgz",
      "integrity": "sha1-MuWcmm+5saSv8JtJMMotRHc0NEc=",
      "dev": true
    },
    "yaml": {
      "version": "1.5.1",
      "resolved": "https://registry.npm.taobao.org/yaml/download/yaml-1.5.1.tgz",
      "integrity": "sha1-6CAWeAZPvP72r+QSLvgCVztsreg=",
      "dev": true,
      "requires": {
        "@babel/runtime": "^7.4.4"
      }
    }
  }
}
